
Microsoft Visual Studio Solution File, Format Version 12.00
# Visual Studio 2012
Project("{FAE04EC0-301F-11D3-BF4B-00C04F79EFBC}") = "SignalRVoting", "SignalRVoting\SignalRVoting.csproj", "{EF3BA95F-68AD-49FD-965F-686CD3FEB790}"
EndProject
Global
	GlobalSection(SolutionConfigurationPlatforms) = preSolution
		Debug|Any CPU = Debug|Any CPU
		Release|Any CPU = Release|Any CPU
	EndGlobalSection
	GlobalSection(ProjectConfigurationPlatforms) = postSolution
		{EF3BA95F-68AD-49FD-965F-686CD3FEB790}.Debug|Any CPU.ActiveCfg = Debug|Any CPU
		{EF3BA95F-68AD-49FD-965F-686CD3FEB790}.Debug|Any CPU.Build.0 = Debug|Any CPU
		{EF3BA95F-68AD-49FD-965F-686CD3FEB790}.Release|Any CPU.ActiveCfg = Release|Any CPU
		{EF3BA95F-68AD-49FD-965F-686CD3FEB790}.Release|Any CPU.Build.0 = Release|Any CPU
	EndGlobalSection
EndGlobal
